
Microsoft Visual Studio Solution File, Format Version 12.00
# Visual Studio Version 17
VisualStudioVersion = 17.5.33414.496
MinimumVisualStudioVersion = 10.0.40219.1
Project("{FAE04EC0-301F-11D3-BF4B-00C04F79EFBC}") = "ProductReviewManagement-UsingLINQ", "ProductReviewManagement-UsingLINQ\ProductReviewManagement-UsingLINQ.csproj", "{A8586DBB-6EC9-45C4-8C3B-2F4FBC825591}"
EndProject
Global
	GlobalSection(SolutionConfigurationPlatforms) = preSolution
		Debug|Any CPU = Debug|Any CPU
		Release|Any CPU = Release|Any CPU
	EndGlobalSection
	GlobalSection(ProjectConfigurationPlatforms) = postSolution
		{A8586DBB-6EC9-45C4-8C3B-2F4FBC825591}.Debug|Any CPU.ActiveCfg = Debug|Any CPU
		{A8586DBB-6EC9-45C4-8C3B-2F4FBC825591}.Debug|Any CPU.Build.0 = Debug|Any CPU
		{A8586DBB-6EC9-45C4-8C3B-2F4FBC825591}.Release|Any CPU.ActiveCfg = Release|Any CPU
		{A8586DBB-6EC9-45C4-8C3B-2F4FBC825591}.Release|Any CPU.Build.0 = Release|Any CPU
	EndGlobalSection
	GlobalSection(SolutionProperties) = preSolution
		HideSolutionNode = FALSE
	EndGlobalSection
	GlobalSection(ExtensibilityGlobals) = postSolution
		SolutionGuid = {EAA8506F-61F9-44B9-B6AA-C6D58024A6AE}
	EndGlobalSection
EndGlobal
